<?xml version="1.0" encoding="UTF-8" standalone="yes" ?>
<CodeBlocks_project_file>
	<FileVersion major="1" minor="6" />
	<Project>
		<Option title="EnConsole" />
		<Option pch_mode="2" />
		<Option compiler="gcc" />
		<Build>
			<Target title="Debug">
				<Option output="bin/Debug/EnConsole" prefix_auto="1" extension_auto="1" />
				<Option object_output="obj/Debug/" />
				<Option type="1" />
				<Option compiler="gcc" />
				<Compiler>
					<Add option="-O3" />
					<Add option="-g" />
				</Compiler>
			</Target>
			<Target title="Release">
				<Option output="bin/Release/EnConsole" prefix_auto="1" extension_auto="1" />
				<Option object_output="obj/Release/" />
				<Option type="1" />
				<Option compiler="gcc" />
				<Compiler>
					<Add option="-O2" />
				</Compiler>
				<Linker>
					<Add option="-s" />
				</Linker>
			</Target>
		</Build>
		<Compiler>
			<Add option="-Wall" />
			<Add option="-fexceptions" />
		</Compiler>
		<Unit filename="Aleatoire.cpp" />
		<Unit filename="Aleatoire.h" />
		<Unit filename="Cavalier.cpp" />
		<Unit filename="Cavalier.h" />
		<Unit filename="Dame.cpp" />
		<Unit filename="Dame.h" />
		<Unit filename="Elagage.cpp" />
		<Unit filename="Elagage.h" />
		<Unit filename="Eval.cpp" />
		<Unit filename="Eval.h" />
		<Unit filename="Fou.cpp" />
		<Unit filename="Fou.h" />
		<Unit filename="Humain.cpp" />
		<Unit filename="Humain.h" />
		<Unit filename="Joueur.h" />
		<Unit filename="Pion.cpp" />
		<Unit filename="Pion.h" />
		<Unit filename="Roi.cpp" />
		<Unit filename="Roi.h" />
		<Unit filename="Tour.cpp" />
		<Unit filename="Tour.h" />
		<Unit filename="echiquier.cpp" />
		<Unit filename="echiquier.h" />
		<Unit filename="main.cpp" />
		<Unit filename="piece.cpp" />
		<Unit filename="piece.h" />
		<Unit filename="structure.cpp" />
		<Unit filename="structure.h" />
		<Extensions>
			<code_completion />
			<debugger />
		</Extensions>
	</Project>
</CodeBlocks_project_file>
